
Microsoft Visual Studio Solution File, Format Version 12.00
# Visual Studio Version 17
VisualStudioVersion = 17.11.35431.28
MinimumVisualStudioVersion = 10.0.40219.1
Project("{FAE04EC0-301F-11D3-BF4B-00C04F79EFBC}") = "FluentInterfaceDesignPattern", "FluentInterfaceDesignPattern.csproj", "{EA926880-8FE7-487E-A9C7-4341EE254410}"
EndProject
Global
	GlobalSection(SolutionConfigurationPlatforms) = preSolution
		Debug|Any CPU = Debug|Any CPU
		Release|Any CPU = Release|Any CPU
	EndGlobalSection
	GlobalSection(ProjectConfigurationPlatforms) = postSolution
		{EA926880-8FE7-487E-A9C7-4341EE254410}.Debug|Any CPU.ActiveCfg = Debug|Any CPU
		{EA926880-8FE7-487E-A9C7-4341EE254410}.Debug|Any CPU.Build.0 = Debug|Any CPU
		{EA926880-8FE7-487E-A9C7-4341EE254410}.Release|Any CPU.ActiveCfg = Release|Any CPU
		{EA926880-8FE7-487E-A9C7-4341EE254410}.Release|Any CPU.Build.0 = Release|Any CPU
	EndGlobalSection
	GlobalSection(SolutionProperties) = preSolution
		HideSolutionNode = FALSE
	EndGlobalSection
	GlobalSection(ExtensibilityGlobals) = postSolution
		SolutionGuid = {DF1165F4-76B1-44A7-99BB-2DF290E14192}
	EndGlobalSection
EndGlobal
