
Microsoft Visual Studio Solution File, Format Version 12.00
# Visual Studio Version 17
VisualStudioVersion = 17.11.35431.28
MinimumVisualStudioVersion = 10.0.40219.1
Project("{FAE04EC0-301F-11D3-BF4B-00C04F79EFBC}") = "RepositoryPattern", "RepositoryPattern.csproj", "{3F3772C6-5895-49E2-AF7A-9DC4EF4DEFDC}"
EndProject
Global
	GlobalSection(SolutionConfigurationPlatforms) = preSolution
		Debug|Any CPU = Debug|Any CPU
		Release|Any CPU = Release|Any CPU
	EndGlobalSection
	GlobalSection(ProjectConfigurationPlatforms) = postSolution
		{3F3772C6-5895-49E2-AF7A-9DC4EF4DEFDC}.Debug|Any CPU.ActiveCfg = Debug|Any CPU
		{3F3772C6-5895-49E2-AF7A-9DC4EF4DEFDC}.Debug|Any CPU.Build.0 = Debug|Any CPU
		{3F3772C6-5895-49E2-AF7A-9DC4EF4DEFDC}.Release|Any CPU.ActiveCfg = Release|Any CPU
		{3F3772C6-5895-49E2-AF7A-9DC4EF4DEFDC}.Release|Any CPU.Build.0 = Release|Any CPU
	EndGlobalSection
	GlobalSection(SolutionProperties) = preSolution
		HideSolutionNode = FALSE
	EndGlobalSection
	GlobalSection(ExtensibilityGlobals) = postSolution
		SolutionGuid = {8D8C0820-489A-4193-9C1C-D57F7E4A25ED}
	EndGlobalSection
EndGlobal
